// !$*UTF8*$!
{
	archiveVersion = 1;
	classes = {
	};
	objectVersion = 50;
	objects = {

/* Begin PBXBuildFile section */
		606DDB0A241D46DD00CB760A /* Constants.swift in Sources */ = {isa = PBXBuildFile; fileRef = 606DDB09241D46DD00CB760A /* Constants.swift */; };
		606DDB0C241D47BA00CB760A /* WeatherModel.swift in Sources */ = {isa = PBXBuildFile; fileRef = 606DDB0B241D47BA00CB760A /* WeatherModel.swift */; };
		606DDB13241D486B00CB760A /* JSONParameterEncoder.swift in Sources */ = {isa = PBXBuildFile; fileRef = 606DDB12241D486B00CB760A /* JSONParameterEncoder.swift */; };
		606DDB15241D48A800CB760A /* ParameterEncoding.swift in Sources */ = {isa = PBXBuildFile; fileRef = 606DDB14241D48A800CB760A /* ParameterEncoding.swift */; };
		606DDB17241D48C100CB760A /* URLParameterEncoder.swift in Sources */ = {isa = PBXBuildFile; fileRef = 606DDB16241D48C100CB760A /* URLParameterEncoder.swift */; };
		606DDB19241D48E900CB760A /* HTTPMethods.swift in Sources */ = {isa = PBXBuildFile; fileRef = 606DDB18241D48E900CB760A /* HTTPMethods.swift */; };
		606DDB1B241D48FF00CB760A /* HTTPTask.swift in Sources */ = {isa = PBXBuildFile; fileRef = 606DDB1A241D48FF00CB760A /* HTTPTask.swift */; };
		606DDB1D241D491300CB760A /* NetworkRouter.swift in Sources */ = {isa = PBXBuildFile; fileRef = 606DDB1C241D491300CB760A /* NetworkRouter.swift */; };
		606DDB1F241D497700CB760A /* NetworkUtils.swift in Sources */ = {isa = PBXBuildFile; fileRef = 606DDB1E241D497700CB760A /* NetworkUtils.swift */; };
		606DDB21241D499100CB760A /* Router.swift in Sources */ = {isa = PBXBuildFile; fileRef = 606DDB20241D499100CB760A /* Router.swift */; };
		606DDB23241D49B600CB760A /* EndPointType.swift in Sources */ = {isa = PBXBuildFile; fileRef = 606DDB22241D49B600CB760A /* EndPointType.swift */; };
		606DDB25241D49D600CB760A /* Repository.swift in Sources */ = {isa = PBXBuildFile; fileRef = 606DDB24241D49D600CB760A /* Repository.swift */; };
		606DDB27241D4A6500CB760A /* WeatherEndPoint.swift in Sources */ = {isa = PBXBuildFile; fileRef = 606DDB26241D4A6500CB760A /* WeatherEndPoint.swift */; };
		60B720A1241D1CDA0013A599 /* AppDelegate.swift in Sources */ = {isa = PBXBuildFile; fileRef = 60B720A0241D1CDA0013A599 /* AppDelegate.swift */; };
		60B720A5241D1CDA0013A599 /* MainViewController.swift in Sources */ = {isa = PBXBuildFile; fileRef = 60B720A4241D1CDA0013A599 /* MainViewController.swift */; };
		60B720A8241D1CDA0013A599 /* Main.storyboard in Resources */ = {isa = PBXBuildFile; fileRef = 60B720A6241D1CDA0013A599 /* Main.storyboard */; };
		60B720AA241D1CDB0013A599 /* Assets.xcassets in Resources */ = {isa = PBXBuildFile; fileRef = 60B720A9241D1CDB0013A599 /* Assets.xcassets */; };
		60B720AD241D1CDB0013A599 /* LaunchScreen.storyboard in Resources */ = {isa = PBXBuildFile; fileRef = 60B720AB241D1CDB0013A599 /* LaunchScreen.storyboard */; };
		60B720B8241D1CDB0013A599 /* WeatherTestTests.swift in Sources */ = {isa = PBXBuildFile; fileRef = 60B720B7241D1CDB0013A599 /* WeatherTestTests.swift */; };
		60B720C3241D1CDB0013A599 /* WeatherTestUITests.swift in Sources */ = {isa = PBXBuildFile; fileRef = 60B720C2241D1CDB0013A599 /* WeatherTestUITests.swift */; };
		60B720D1241D21220013A599 /* SettingsViewController.swift in Sources */ = {isa = PBXBuildFile; fileRef = 60B720D0241D21220013A599 /* SettingsViewController.swift */; };
		60B720D2241D21220013A599 /* SettingsViewController.swift in Sources */ = {isa = PBXBuildFile; fileRef = 60B720D0241D21220013A599 /* SettingsViewController.swift */; };
		60B720D3241D21220013A599 /* SettingsViewController.swift in Sources */ = {isa = PBXBuildFile; fileRef = 60B720D0241D21220013A599 /* SettingsViewController.swift */; };
		60B720D5241D2C220013A599 /* SettingsTableViewController.swift in Sources */ = {isa = PBXBuildFile; fileRef = 60B720D4241D2C220013A599 /* SettingsTableViewController.swift */; };
		60B720D6241D2C220013A599 /* SettingsTableViewController.swift in Sources */ = {isa = PBXBuildFile; fileRef = 60B720D4241D2C220013A599 /* SettingsTableViewController.swift */; };
		60B720D7241D2C220013A599 /* SettingsTableViewController.swift in Sources */ = {isa = PBXBuildFile; fileRef = 60B720D4241D2C220013A599 /* SettingsTableViewController.swift */; };
		60B720E9241D30240013A599 /* LanguagesViewController.swift in Sources */ = {isa = PBXBuildFile; fileRef = 60B720E8241D30240013A599 /* LanguagesViewController.swift */; };
		60B720EA241D30240013A599 /* LanguagesViewController.swift in Sources */ = {isa = PBXBuildFile; fileRef = 60B720E8241D30240013A599 /* LanguagesViewController.swift */; };
		60B720EB241D30240013A599 /* LanguagesViewController.swift in Sources */ = {isa = PBXBuildFile; fileRef = 60B720E8241D30240013A599 /* LanguagesViewController.swift */; };
/* End PBXBuildFile section */

/* Begin PBXContainerItemProxy section */
		60B720B4241D1CDB0013A599 /* PBXContainerItemProxy */ = {
			isa = PBXContainerItemProxy;
			containerPortal = 60B72095241D1CDA0013A599 /* Project object */;
			proxyType = 1;
			remoteGlobalIDString = 60B7209C241D1CDA0013A599;
			remoteInfo = WeatherTest;
		};
		60B720BF241D1CDB0013A599 /* PBXContainerItemProxy */ = {
			isa = PBXContainerItemProxy;
			containerPortal = 60B72095241D1CDA0013A599 /* Project object */;
			proxyType = 1;
			remoteGlobalIDString = 60B7209C241D1CDA0013A599;
			remoteInfo = WeatherTest;
		};
/* End PBXContainerItemProxy section */

/* Begin PBXFileReference section */
		606DDB09241D46DD00CB760A /* Constants.swift */ = {isa = PBXFileReference; lastKnownFileType = sourcecode.swift; path = Constants.swift; sourceTree = "<group>"; };
		606DDB0B241D47BA00CB760A /* WeatherModel.swift */ = {isa = PBXFileReference; lastKnownFileType = sourcecode.swift; path = WeatherModel.swift; sourceTree = "<group>"; };
		606DDB12241D486B00CB760A /* JSONParameterEncoder.swift */ = {isa = PBXFileReference; lastKnownFileType = sourcecode.swift; path = JSONParameterEncoder.swift; sourceTree = "<group>"; };
		606DDB14241D48A800CB760A /* ParameterEncoding.swift */ = {isa = PBXFileReference; lastKnownFileType = sourcecode.swift; path = ParameterEncoding.swift; sourceTree = "<group>"; };
		606DDB16241D48C100CB760A /* URLParameterEncoder.swift */ = {isa = PBXFileReference; lastKnownFileType = sourcecode.swift; path = URLParameterEncoder.swift; sourceTree = "<group>"; };
		606DDB18241D48E900CB760A /* HTTPMethods.swift */ = {isa = PBXFileReference; lastKnownFileType = sourcecode.swift; path = HTTPMethods.swift; sourceTree = "<group>"; };
		606DDB1A241D48FF00CB760A /* HTTPTask.swift */ = {isa = PBXFileReference; lastKnownFileType = sourcecode.swift; path = HTTPTask.swift; sourceTree = "<group>"; };
		606DDB1C241D491300CB760A /* NetworkRouter.swift */ = {isa = PBXFileReference; lastKnownFileType = sourcecode.swift; path = NetworkRouter.swift; sourceTree = "<group>"; };
		606DDB1E241D497700CB760A /* NetworkUtils.swift */ = {isa = PBXFileReference; lastKnownFileType = sourcecode.swift; path = NetworkUtils.swift; sourceTree = "<group>"; };
		606DDB20241D499100CB760A /* Router.swift */ = {isa = PBXFileReference; lastKnownFileType = sourcecode.swift; path = Router.swift; sourceTree = "<group>"; };
		606DDB22241D49B600CB760A /* EndPointType.swift */ = {isa = PBXFileReference; lastKnownFileType = sourcecode.swift; path = EndPointType.swift; sourceTree = "<group>"; };
		606DDB24241D49D600CB760A /* Repository.swift */ = {isa = PBXFileReference; lastKnownFileType = sourcecode.swift; path = Repository.swift; sourceTree = "<group>"; };
		606DDB26241D4A6500CB760A /* WeatherEndPoint.swift */ = {isa = PBXFileReference; lastKnownFileType = sourcecode.swift; path = WeatherEndPoint.swift; sourceTree = "<group>"; };
		60B7209D241D1CDA0013A599 /* WeatherTest.app */ = {isa = PBXFileReference; explicitFileType = wrapper.application; includeInIndex = 0; path = WeatherTest.app; sourceTree = BUILT_PRODUCTS_DIR; };
		60B720A0241D1CDA0013A599 /* AppDelegate.swift */ = {isa = PBXFileReference; lastKnownFileType = sourcecode.swift; path = AppDelegate.swift; sourceTree = "<group>"; };
		60B720A4241D1CDA0013A599 /* MainViewController.swift */ = {isa = PBXFileReference; lastKnownFileType = sourcecode.swift; path = MainViewController.swift; sourceTree = "<group>"; };
		60B720A7241D1CDA0013A599 /* Base */ = {isa = PBXFileReference; lastKnownFileType = file.storyboard; name = Base; path = Base.lproj/Main.storyboard; sourceTree = "<group>"; };
		60B720A9241D1CDB0013A599 /* Assets.xcassets */ = {isa = PBXFileReference; lastKnownFileType = folder.assetcatalog; path = Assets.xcassets; sourceTree = "<group>"; };
		60B720AC241D1CDB0013A599 /* Base */ = {isa = PBXFileReference; lastKnownFileType = file.storyboard; name = Base; path = Base.lproj/LaunchScreen.storyboard; sourceTree = "<group>"; };
		60B720AE241D1CDB0013A599 /* Info.plist */ = {isa = PBXFileReference; lastKnownFileType = text.plist.xml; path = Info.plist; sourceTree = "<group>"; };
		60B720B3241D1CDB0013A599 /* WeatherTestTests.xctest */ = {isa = PBXFileReference; explicitFileType = wrapper.cfbundle; includeInIndex = 0; path = WeatherTestTests.xctest; sourceTree = BUILT_PRODUCTS_DIR; };
		60B720B7241D1CDB0013A599 /* WeatherTestTests.swift */ = {isa = PBXFileReference; lastKnownFileType = sourcecode.swift; path = WeatherTestTests.swift; sourceTree = "<group>"; };
		60B720B9241D1CDB0013A599 /* Info.plist */ = {isa = PBXFileReference; lastKnownFileType = text.plist.xml; path = Info.plist; sourceTree = "<group>"; };
		60B720BE241D1CDB0013A599 /* WeatherTestUITests.xctest */ = {isa = PBXFileReference; explicitFileType = wrapper.cfbundle; includeInIndex = 0; path = WeatherTestUITests.xctest; sourceTree = BUILT_PRODUCTS_DIR; };
		60B720C2241D1CDB0013A599 /* WeatherTestUITests.swift */ = {isa = PBXFileReference; lastKnownFileType = sourcecode.swift; path = WeatherTestUITests.swift; sourceTree = "<group>"; };
		60B720C4241D1CDB0013A599 /* Info.plist */ = {isa = PBXFileReference; lastKnownFileType = text.plist.xml; path = Info.plist; sourceTree = "<group>"; };
		60B720D0241D21220013A599 /* SettingsViewController.swift */ = {isa = PBXFileReference; lastKnownFileType = sourcecode.swift; path = SettingsViewController.swift; sourceTree = "<group>"; };
		60B720D4241D2C220013A599 /* SettingsTableViewController.swift */ = {isa = PBXFileReference; lastKnownFileType = sourcecode.swift; path = SettingsTableViewController.swift; sourceTree = "<group>"; };
		60B720E8241D30240013A599 /* LanguagesViewController.swift */ = {isa = PBXFileReference; lastKnownFileType = sourcecode.swift; path = LanguagesViewController.swift; sourceTree = "<group>"; };
/* End PBXFileReference section */

/* Begin PBXFrameworksBuildPhase section */
		60B7209A241D1CDA0013A599 /* Frameworks */ = {
			isa = PBXFrameworksBuildPhase;
			buildActionMask = 2147483647;
			files = (
			);
			runOnlyForDeploymentPostprocessing = 0;
		};
		60B720B0241D1CDB0013A599 /* Frameworks */ = {
			isa = PBXFrameworksBuildPhase;
			buildActionMask = 2147483647;
			files = (
			);
			runOnlyForDeploymentPostprocessing = 0;
		};
		60B720BB241D1CDB0013A599 /* Frameworks */ = {
			isa = PBXFrameworksBuildPhase;
			buildActionMask = 2147483647;
			files = (
			);
			runOnlyForDeploymentPostprocessing = 0;
		};
/* End PBXFrameworksBuildPhase section */

/* Begin PBXGroup section */
		606DDB05241D44B700CB760A /* Controller */ = {
			isa = PBXGroup;
			children = (
				60B720A4241D1CDA0013A599 /* MainViewController.swift */,
				60B720D0241D21220013A599 /* SettingsViewController.swift */,
				60B720D4241D2C220013A599 /* SettingsTableViewController.swift */,
				60B720E8241D30240013A599 /* LanguagesViewController.swift */,
			);
			path = Controller;
			sourceTree = "<group>";
		};
		606DDB06241D457D00CB760A /* View */ = {
			isa = PBXGroup;
			children = (
				60B720A6241D1CDA0013A599 /* Main.storyboard */,
			);
			path = View;
			sourceTree = "<group>";
		};
		606DDB07241D458700CB760A /* Model */ = {
			isa = PBXGroup;
			children = (
				606DDB0B241D47BA00CB760A /* WeatherModel.swift */,
			);
			path = Model;
			sourceTree = "<group>";
		};
		606DDB08241D46CD00CB760A /* Utils */ = {
			isa = PBXGroup;
			children = (
				606DDB09241D46DD00CB760A /* Constants.swift */,
			);
			path = Utils;
			sourceTree = "<group>";
		};
		606DDB0D241D481900CB760A /* Networking */ = {
			isa = PBXGroup;
			children = (
				606DDB0F241D483A00CB760A /* Repository */,
				606DDB10241D484200CB760A /* EndPoint */,
				606DDB0E241D483300CB760A /* Service */,
				606DDB11241D485100CB760A /* Encoding */,
			);
			path = Networking;
			sourceTree = "<group>";
		};
		606DDB0E241D483300CB760A /* Service */ = {
			isa = PBXGroup;
			children = (
				606DDB18241D48E900CB760A /* HTTPMethods.swift */,
				606DDB1A241D48FF00CB760A /* HTTPTask.swift */,
				606DDB1C241D491300CB760A /* NetworkRouter.swift */,
				606DDB1E241D497700CB760A /* NetworkUtils.swift */,
				606DDB20241D499100CB760A /* Router.swift */,
			);
			path = Service;
			sourceTree = "<group>";
		};
		606DDB0F241D483A00CB760A /* Repository */ = {
			isa = PBXGroup;
			children = (
				606DDB24241D49D600CB760A /* Repository.swift */,
			);
			path = Repository;
			sourceTree = "<group>";
		};
		606DDB10241D484200CB760A /* EndPoint */ = {
			isa = PBXGroup;
			children = (
				606DDB22241D49B600CB760A /* EndPointType.swift */,
				606DDB26241D4A6500CB760A /* WeatherEndPoint.swift */,
			);
			path = EndPoint;
			sourceTree = "<group>";
		};
		606DDB11241D485100CB760A /* Encoding */ = {
			isa = PBXGroup;
			children = (
				606DDB12241D486B00CB760A /* JSONParameterEncoder.swift */,
				606DDB14241D48A800CB760A /* ParameterEncoding.swift */,
				606DDB16241D48C100CB760A /* URLParameterEncoder.swift */,
			);
			path = Encoding;
			sourceTree = "<group>";
		};
		60B72094241D1CDA0013A599 = {
			isa = PBXGroup;
			children = (
				606DDB05241D44B700CB760A /* Controller */,
				606DDB0D241D481900CB760A /* Networking */,
				606DDB08241D46CD00CB760A /* Utils */,
				606DDB07241D458700CB760A /* Model */,
				606DDB06241D457D00CB760A /* View */,
				60B7209F241D1CDA0013A599 /* WeatherTest */,
				60B720B6241D1CDB0013A599 /* WeatherTestTests */,
				60B720C1241D1CDB0013A599 /* WeatherTestUITests */,
				60B7209E241D1CDA0013A599 /* Products */,
			);
			sourceTree = "<group>";
		};
		60B7209E241D1CDA0013A599 /* Products */ = {
			isa = PBXGroup;
			children = (
				60B7209D241D1CDA0013A599 /* WeatherTest.app */,
				60B720B3241D1CDB0013A599 /* WeatherTestTests.xctest */,
				60B720BE241D1CDB0013A599 /* WeatherTestUITests.xctest */,
			);
			name = Products;
			sourceTree = "<group>";
		};
		60B7209F241D1CDA0013A599 /* WeatherTest */ = {
			isa = PBXGroup;
			children = (
				60B720A0241D1CDA0013A599 /* AppDelegate.swift */,
				60B720A9241D1CDB0013A599 /* Assets.xcassets */,
				60B720AB241D1CDB0013A599 /* LaunchScreen.storyboard */,
				60B720AE241D1CDB0013A599 /* Info.plist */,
			);
			path = WeatherTest;
			sourceTree = "<group>";
		};
		60B720B6241D1CDB0013A599 /* WeatherTestTests */ = {
			isa = PBXGroup;
			children = (
				60B720B7241D1CDB0013A599 /* WeatherTestTests.swift */,
				60B720B9241D1CDB0013A599 /* Info.plist */,
			);
			path = WeatherTestTests;
			sourceTree = "<group>";
		};
		60B720C1241D1CDB0013A599 /* WeatherTestUITests */ = {
			isa = PBXGroup;
			children = (
				60B720C2241D1CDB0013A599 /* WeatherTestUITests.swift */,
				60B720C4241D1CDB0013A599 /* Info.plist */,
			);
			path = WeatherTestUITests;
			sourceTree = "<group>";
		};
/* End PBXGroup section */

/* Begin PBXNativeTarget section */
		60B7209C241D1CDA0013A599 /* WeatherTest */ = {
			isa = PBXNativeTarget;
			buildConfigurationList = 60B720C7241D1CDB0013A599 /* Build configuration list for PBXNativeTarget "WeatherTest" */;
			buildPhases = (
				60B72099241D1CDA0013A599 /* Sources */,
				60B7209A241D1CDA0013A599 /* Frameworks */,
				60B7209B241D1CDA0013A599 /* Resources */,
			);
			buildRules = (
			);
			dependencies = (
			);
			name = WeatherTest;
			productName = WeatherTest;
			productReference = 60B7209D241D1CDA0013A599 /* WeatherTest.app */;
			productType = "com.apple.product-type.application";
		};
		60B720B2241D1CDB0013A599 /* WeatherTestTests */ = {
			isa = PBXNativeTarget;
			buildConfigurationList = 60B720CA241D1CDB0013A599 /* Build configuration list for PBXNativeTarget "WeatherTestTests" */;
			buildPhases = (
				60B720AF241D1CDB0013A599 /* Sources */,
				60B720B0241D1CDB0013A599 /* Frameworks */,
				60B720B1241D1CDB0013A599 /* Resources */,
			);
			buildRules = (
			);
			dependencies = (
				60B720B5241D1CDB0013A599 /* PBXTargetDependency */,
			);
			name = WeatherTestTests;
			productName = WeatherTestTests;
			productReference = 60B720B3241D1CDB0013A599 /* WeatherTestTests.xctest */;
			productType = "com.apple.product-type.bundle.unit-test";
		};
		60B720BD241D1CDB0013A599 /* WeatherTestUITests */ = {
			isa = PBXNativeTarget;
			buildConfigurationList = 60B720CD241D1CDB0013A599 /* Build configuration list for PBXNativeTarget "WeatherTestUITests" */;
			buildPhases = (
				60B720BA241D1CDB0013A599 /* Sources */,
				60B720BB241D1CDB0013A599 /* Frameworks */,
				60B720BC241D1CDB0013A599 /* Resources */,
			);
			buildRules = (
			);
			dependencies = (
				60B720C0241D1CDB0013A599 /* PBXTargetDependency */,
			);
			name = WeatherTestUITests;
			productName = WeatherTestUITests;
			productReference = 60B720BE241D1CDB0013A599 /* WeatherTestUITests.xctest */;
			productType = "com.apple.product-type.bundle.ui-testing";
		};
/* End PBXNativeTarget section */

/* Begin PBXProject section */
		60B72095241D1CDA0013A599 /* Project object */ = {
			isa = PBXProject;
			attributes = {
				LastSwiftUpdateCheck = 1130;
				LastUpgradeCheck = 1130;
				ORGANIZATIONNAME = nktskr;
				TargetAttributes = {
					60B7209C241D1CDA0013A599 = {
						CreatedOnToolsVersion = 11.3;
					};
					60B720B2241D1CDB0013A599 = {
						CreatedOnToolsVersion = 11.3;
						TestTargetID = 60B7209C241D1CDA0013A599;
					};
					60B720BD241D1CDB0013A599 = {
						CreatedOnToolsVersion = 11.3;
						TestTargetID = 60B7209C241D1CDA0013A599;
					};
				};
			};
			buildConfigurationList = 60B72098241D1CDA0013A599 /* Build configuration list for PBXProject "WeatherTest" */;
			compatibilityVersion = "Xcode 9.3";
			developmentRegion = en;
			hasScannedForEncodings = 0;
			knownRegions = (
				en,
				Base,
			);
			mainGroup = 60B72094241D1CDA0013A599;
			productRefGroup = 60B7209E241D1CDA0013A599 /* Products */;
			projectDirPath = "";
			projectRoot = "";
			targets = (
				60B7209C241D1CDA0013A599 /* WeatherTest */,
				60B720B2241D1CDB0013A599 /* WeatherTestTests */,
				60B720BD241D1CDB0013A599 /* WeatherTestUITests */,
			);
		};
/* End PBXProject section */

/* Begin PBXResourcesBuildPhase section */
		60B7209B241D1CDA0013A599 /* Resources */ = {
			isa = PBXResourcesBuildPhase;
			buildActionMask = 2147483647;
			files = (
				60B720AD241D1CDB0013A599 /* LaunchScreen.storyboard in Resources */,
				60B720AA241D1CDB0013A599 /* Assets.xcassets in Resources */,
				60B720A8241D1CDA0013A599 /* Main.storyboard in Resources */,
			);
			runOnlyForDeploymentPostprocessing = 0;
		};
		60B720B1241D1CDB0013A599 /* Resources */ = {
			isa = PBXResourcesBuildPhase;
			buildActionMask = 2147483647;
			files = (
			);
			runOnlyForDeploymentPostprocessing = 0;
		};
		60B720BC241D1CDB0013A599 /* Resources */ = {
			isa = PBXResourcesBuildPhase;
			buildActionMask = 2147483647;
			files = (
			);
			runOnlyForDeploymentPostprocessing = 0;
		};
/* End PBXResourcesBuildPhase section */

/* Begin PBXSourcesBuildPhase section */
		60B72099241D1CDA0013A599 /* Sources */ = {
			isa = PBXSourcesBuildPhase;
			buildActionMask = 2147483647;
			files = (
				606DDB23241D49B600CB760A /* EndPointType.swift in Sources */,
				606DDB1B241D48FF00CB760A /* HTTPTask.swift in Sources */,
				606DDB15241D48A800CB760A /* ParameterEncoding.swift in Sources */,
				606DDB13241D486B00CB760A /* JSONParameterEncoder.swift in Sources */,
				60B720D5241D2C220013A599 /* SettingsTableViewController.swift in Sources */,
				60B720A5241D1CDA0013A599 /* MainViewController.swift in Sources */,
				60B720A1241D1CDA0013A599 /* AppDelegate.swift in Sources */,
				606DDB0C241D47BA00CB760A /* WeatherModel.swift in Sources */,
				606DDB21241D499100CB760A /* Router.swift in Sources */,
				60B720E9241D30240013A599 /* LanguagesViewController.swift in Sources */,
				606DDB1D241D491300CB760A /* NetworkRouter.swift in Sources */,
				606DDB27241D4A6500CB760A /* WeatherEndPoint.swift in Sources */,
				60B720D1241D21220013A599 /* SettingsViewController.swift in Sources */,
				606DDB25241D49D600CB760A /* Repository.swift in Sources */,
				606DDB17241D48C100CB760A /* URLParameterEncoder.swift in Sources */,
				606DDB0A241D46DD00CB760A /* Constants.swift in Sources */,
				606DDB1F241D497700CB760A /* NetworkUtils.swift in Sources */,
				606DDB19241D48E900CB760A /* HTTPMethods.swift in Sources */,
			);
			runOnlyForDeploymentPostprocessing = 0;
		};
		60B720AF241D1CDB0013A599 /* Sources */ = {
			isa = PBXSourcesBuildPhase;
			buildActionMask = 2147483647;
			files = (
				60B720B8241D1CDB0013A599 /* WeatherTestTests.swift in Sources */,
				60B720D2241D21220013A599 /* SettingsViewController.swift in Sources */,
				60B720EA241D30240013A599 /* LanguagesViewController.swift in Sources */,
				60B720D6241D2C220013A599 /* SettingsTableViewController.swift in Sources */,
			);
			runOnlyForDeploymentPostprocessing = 0;
		};
		60B720BA241D1CDB0013A599 /* Sources */ = {
			isa = PBXSourcesBuildPhase;
			buildActionMask = 2147483647;
			files = (
				60B720C3241D1CDB0013A599 /* WeatherTestUITests.swift in Sources */,
				60B720D3241D21220013A599 /* SettingsViewController.swift in Sources */,
				60B720EB241D30240013A599 /* LanguagesViewController.swift in Sources */,
				60B720D7241D2C220013A599 /* SettingsTableViewController.swift in Sources */,
			);
			runOnlyForDeploymentPostprocessing = 0;
		};
/* End PBXSourcesBuildPhase section */

/* Begin PBXTargetDependency section */
		60B720B5241D1CDB0013A599 /* PBXTargetDependency */ = {
			isa = PBXTargetDependency;
			target = 60B7209C241D1CDA0013A599 /* WeatherTest */;
			targetProxy = 60B720B4241D1CDB0013A599 /* PBXContainerItemProxy */;
		};
		60B720C0241D1CDB0013A599 /* PBXTargetDependency */ = {
			isa = PBXTargetDependency;
			target = 60B7209C241D1CDA0013A599 /* WeatherTest */;
			targetProxy = 60B720BF241D1CDB0013A599 /* PBXContainerItemProxy */;
		};
/* End PBXTargetDependency section */

/* Begin PBXVariantGroup section */
		60B720A6241D1CDA0013A599 /* Main.storyboard */ = {
			isa = PBXVariantGroup;
			children = (
				60B720A7241D1CDA0013A599 /* Base */,
			);
			name = Main.storyboard;
			sourceTree = "<group>";
		};
		60B720AB241D1CDB0013A599 /* LaunchScreen.storyboard */ = {
			isa = PBXVariantGroup;
			children = (
				60B720AC241D1CDB0013A599 /* Base */,
			);
			name = LaunchScreen.storyboard;
			sourceTree = "<group>";
		};
/* End PBXVariantGroup section */

/* Begin XCBuildConfiguration section */
		60B720C5241D1CDB0013A599 /* Debug */ = {
			isa = XCBuildConfiguration;
			buildSettings = {
				ALWAYS_SEARCH_USER_PATHS = NO;
				CLANG_ANALYZER_NONNULL = YES;
				CLANG_ANALYZER_NUMBER_OBJECT_CONVERSION = YES_AGGRESSIVE;
				CLANG_CXX_LANGUAGE_STANDARD = "gnu++14";
				CLANG_CXX_LIBRARY = "libc++";
				CLANG_ENABLE_MODULES = YES;
				CLANG_ENABLE_OBJC_ARC = YES;
				CLANG_ENABLE_OBJC_WEAK = YES;
				CLANG_WARN_BLOCK_CAPTURE_AUTORELEASING = YES;
				CLANG_WARN_BOOL_CONVERSION = YES;
				CLANG_WARN_COMMA = YES;
				CLANG_WARN_CONSTANT_CONVERSION = YES;
				CLANG_WARN_DEPRECATED_OBJC_IMPLEMENTATIONS = YES;
				CLANG_WARN_DIRECT_OBJC_ISA_USAGE = YES_ERROR;
				CLANG_WARN_DOCUMENTATION_COMMENTS = YES;
				CLANG_WARN_EMPTY_BODY = YES;
				CLANG_WARN_ENUM_CONVERSION = YES;
				CLANG_WARN_INFINITE_RECURSION = YES;
				CLANG_WARN_INT_CONVERSION = YES;
				CLANG_WARN_NON_LITERAL_NULL_CONVERSION = YES;
				CLANG_WARN_OBJC_IMPLICIT_RETAIN_SELF = YES;
				CLANG_WARN_OBJC_LITERAL_CONVERSION = YES;
				CLANG_WARN_OBJC_ROOT_CLASS = YES_ERROR;
				CLANG_WARN_RANGE_LOOP_ANALYSIS = YES;
				CLANG_WARN_STRICT_PROTOTYPES = YES;
				CLANG_WARN_SUSPICIOUS_MOVE = YES;
				CLANG_WARN_UNGUARDED_AVAILABILITY = YES_AGGRESSIVE;
				CLANG_WARN_UNREACHABLE_CODE = YES;
				CLANG_WARN__DUPLICATE_METHOD_MATCH = YES;
				COPY_PHASE_STRIP = NO;
				DEBUG_INFORMATION_FORMAT = dwarf;
				ENABLE_STRICT_OBJC_MSGSEND = YES;
				ENABLE_TESTABILITY = YES;
				GCC_C_LANGUAGE_STANDARD = gnu11;
				GCC_DYNAMIC_NO_PIC = NO;
				GCC_NO_COMMON_BLOCKS = YES;
				GCC_OPTIMIZATION_LEVEL = 0;
				GCC_PREPROCESSOR_DEFINITIONS = (
					"DEBUG=1",
					"$(inherited)",
				);
				GCC_WARN_64_TO_32_BIT_CONVERSION = YES;
				GCC_WARN_ABOUT_RETURN_TYPE = YES_ERROR;
				GCC_WARN_UNDECLARED_SELECTOR = YES;
				GCC_WARN_UNINITIALIZED_AUTOS = YES_AGGRESSIVE;
				GCC_WARN_UNUSED_FUNCTION = YES;
				GCC_WARN_UNUSED_VARIABLE = YES;
				IPHONEOS_DEPLOYMENT_TARGET = 13.2;
				MTL_ENABLE_DEBUG_INFO = INCLUDE_SOURCE;
				MTL_FAST_MATH = YES;
				ONLY_ACTIVE_ARCH = YES;
				SDKROOT = iphoneos;
				SWIFT_ACTIVE_COMPILATION_CONDITIONS = DEBUG;
				SWIFT_OPTIMIZATION_LEVEL = "-Onone";
			};
			name = Debug;
		};
		60B720C6241D1CDB0013A599 /* Release */ = {
			isa = XCBuildConfiguration;
			buildSettings = {
				ALWAYS_SEARCH_USER_PATHS = NO;
				CLANG_ANALYZER_NONNULL = YES;
				CLANG_ANALYZER_NUMBER_OBJECT_CONVERSION = YES_AGGRESSIVE;
				CLANG_CXX_LANGUAGE_STANDARD = "gnu++14";
				CLANG_CXX_LIBRARY = "libc++";
				CLANG_ENABLE_MODULES = YES;
				CLANG_ENABLE_OBJC_ARC = YES;
				CLANG_ENABLE_OBJC_WEAK = YES;
				CLANG_WARN_BLOCK_CAPTURE_AUTORELEASING = YES;
				CLANG_WARN_BOOL_CONVERSION = YES;
				CLANG_WARN_COMMA = YES;
				CLANG_WARN_CONSTANT_CONVERSION = YES;
				CLANG_WARN_DEPRECATED_OBJC_IMPLEMENTATIONS = YES;
				CLANG_WARN_DIRECT_OBJC_ISA_USAGE = YES_ERROR;
				CLANG_WARN_DOCUMENTATION_COMMENTS = YES;
				CLANG_WARN_EMPTY_BODY = YES;
				CLANG_WARN_ENUM_CONVERSION = YES;
				CLANG_WARN_INFINITE_RECURSION = YES;
				CLANG_WARN_INT_CONVERSION = YES;
				CLANG_WARN_NON_LITERAL_NULL_CONVERSION = YES;
				CLANG_WARN_OBJC_IMPLICIT_RETAIN_SELF = YES;
				CLANG_WARN_OBJC_LITERAL_CONVERSION = YES;
				CLANG_WARN_OBJC_ROOT_CLASS = YES_ERROR;
				CLANG_WARN_RANGE_LOOP_ANALYSIS = YES;
				CLANG_WARN_STRICT_PROTOTYPES = YES;
				CLANG_WARN_SUSPICIOUS_MOVE = YES;
				CLANG_WARN_UNGUARDED_AVAILABILITY = YES_AGGRESSIVE;
				CLANG_WARN_UNREACHABLE_CODE = YES;
				CLANG_WARN__DUPLICATE_METHOD_MATCH = YES;
				COPY_PHASE_STRIP = NO;
				DEBUG_INFORMATION_FORMAT = "dwarf-with-dsym";
				ENABLE_NS_ASSERTIONS = NO;
				ENABLE_STRICT_OBJC_MSGSEND = YES;
				GCC_C_LANGUAGE_STANDARD = gnu11;
				GCC_NO_COMMON_BLOCKS = YES;
				GCC_WARN_64_TO_32_BIT_CONVERSION = YES;
				GCC_WARN_ABOUT_RETURN_TYPE = YES_ERROR;
				GCC_WARN_UNDECLARED_SELECTOR = YES;
				GCC_WARN_UNINITIALIZED_AUTOS = YES_AGGRESSIVE;
				GCC_WARN_UNUSED_FUNCTION = YES;
				GCC_WARN_UNUSED_VARIABLE = YES;
				IPHONEOS_DEPLOYMENT_TARGET = 13.2;
				MTL_ENABLE_DEBUG_INFO = NO;
				MTL_FAST_MATH = YES;
				SDKROOT = iphoneos;
				SWIFT_COMPILATION_MODE = wholemodule;
				SWIFT_OPTIMIZATION_LEVEL = "-O";
				VALIDATE_PRODUCT = YES;
			};
			name = Release;
		};
		60B720C8241D1CDB0013A599 /* Debug */ = {
			isa = XCBuildConfiguration;
			buildSettings = {
				ASSETCATALOG_COMPILER_APPICON_NAME = AppIcon;
				CODE_SIGN_STYLE = Automatic;
				DEVELOPMENT_TEAM = RT26GZ5DVQ;
				INFOPLIST_FILE = WeatherTest/Info.plist;
				IPHONEOS_DEPLOYMENT_TARGET = 10.0;
				LD_RUNPATH_SEARCH_PATHS = (
					"$(inherited)",
					"@executable_path/Frameworks",
				);
				PRODUCT_BUNDLE_IDENTIFIER = nktskr.WeatherTest;
				PRODUCT_NAME = "$(TARGET_NAME)";
				SWIFT_VERSION = 5.0;
				TARGETED_DEVICE_FAMILY = "1,2";
			};
			name = Debug;
		};
		60B720C9241D1CDB0013A599 /* Release */ = {
			isa = XCBuildConfiguration;
			buildSettings = {
				ASSETCATALOG_COMPILER_APPICON_NAME = AppIcon;
				CODE_SIGN_STYLE = Automatic;
				DEVELOPMENT_TEAM = RT26GZ5DVQ;
				INFOPLIST_FILE = WeatherTest/Info.plist;
				IPHONEOS_DEPLOYMENT_TARGET = 10.0;
				LD_RUNPATH_SEARCH_PATHS = (
					"$(inherited)",
					"@executable_path/Frameworks",
				);
				PRODUCT_BUNDLE_IDENTIFIER = nktskr.WeatherTest;
				PRODUCT_NAME = "$(TARGET_NAME)";
				SWIFT_VERSION = 5.0;
				TARGETED_DEVICE_FAMILY = "1,2";
			};
			name = Release;
		};
		60B720CB241D1CDB0013A599 /* Debug */ = {
			isa = XCBuildConfiguration;
			buildSettings = {
				ALWAYS_EMBED_SWIFT_STANDARD_LIBRARIES = YES;
				BUNDLE_LOADER = "$(TEST_HOST)";
				CODE_SIGN_STYLE = Automatic;
				DEVELOPMENT_TEAM = RT26GZ5DVQ;
				INFOPLIST_FILE = WeatherTestTests/Info.plist;
				IPHONEOS_DEPLOYMENT_TARGET = 13.2;
				LD_RUNPATH_SEARCH_PATHS = (
					"$(inherited)",
					"@executable_path/Frameworks",
					"@loader_path/Frameworks",
				);
				PRODUCT_BUNDLE_IDENTIFIER = nktskr.WeatherTestTests;
				PRODUCT_NAME = "$(TARGET_NAME)";
				SWIFT_VERSION = 5.0;
				TARGETED_DEVICE_FAMILY = "1,2";
				TEST_HOST = "$(BUILT_PRODUCTS_DIR)/WeatherTest.app/WeatherTest";
			};
			name = Debug;
		};
		60B720CC241D1CDB0013A599 /* Release */ = {
			isa = XCBuildConfiguration;
			buildSettings = {
				ALWAYS_EMBED_SWIFT_STANDARD_LIBRARIES = YES;
				BUNDLE_LOADER = "$(TEST_HOST)";
				CODE_SIGN_STYLE = Automatic;
				DEVELOPMENT_TEAM = RT26GZ5DVQ;
				INFOPLIST_FILE = WeatherTestTests/Info.plist;
				IPHONEOS_DEPLOYMENT_TARGET = 13.2;
				LD_RUNPATH_SEARCH_PATHS = (
					"$(inherited)",
					"@executable_path/Frameworks",
					"@loader_path/Frameworks",
				);
				PRODUCT_BUNDLE_IDENTIFIER = nktskr.WeatherTestTests;
				PRODUCT_NAME = "$(TARGET_NAME)";
				SWIFT_VERSION = 5.0;
				TARGETED_DEVICE_FAMILY = "1,2";
				TEST_HOST = "$(BUILT_PRODUCTS_DIR)/WeatherTest.app/WeatherTest";
			};
			name = Release;
		};
		60B720CE241D1CDB0013A599 /* Debug */ = {
			isa = XCBuildConfiguration;
			buildSettings = {
				ALWAYS_EMBED_SWIFT_STANDARD_LIBRARIES = YES;
				CODE_SIGN_STYLE = Automatic;
				DEVELOPMENT_TEAM = RT26GZ5DVQ;
				INFOPLIST_FILE = WeatherTestUITests/Info.plist;
				LD_RUNPATH_SEARCH_PATHS = (
					"$(inherited)",
					"@executable_path/Frameworks",
					"@loader_path/Frameworks",
				);
				PRODUCT_BUNDLE_IDENTIFIER = nktskr.WeatherTestUITests;
				PRODUCT_NAME = "$(TARGET_NAME)";
				SWIFT_VERSION = 5.0;
				TARGETED_DEVICE_FAMILY = "1,2";
				TEST_TARGET_NAME = WeatherTest;
			};
			name = Debug;
		};
		60B720CF241D1CDB0013A599 /* Release */ = {
			isa = XCBuildConfiguration;
			buildSettings = {
				ALWAYS_EMBED_SWIFT_STANDARD_LIBRARIES = YES;
				CODE_SIGN_STYLE = Automatic;
				DEVELOPMENT_TEAM = RT26GZ5DVQ;
				INFOPLIST_FILE = WeatherTestUITests/Info.plist;
				LD_RUNPATH_SEARCH_PATHS = (
					"$(inherited)",
					"@executable_path/Frameworks",
					"@loader_path/Frameworks",
				);
				PRODUCT_BUNDLE_IDENTIFIER = nktskr.WeatherTestUITests;
				PRODUCT_NAME = "$(TARGET_NAME)";
				SWIFT_VERSION = 5.0;
				TARGETED_DEVICE_FAMILY = "1,2";
				TEST_TARGET_NAME = WeatherTest;
			};
			name = Release;
		};
/* End XCBuildConfiguration section */

/* Begin XCConfigurationList section */
		60B72098241D1CDA0013A599 /* Build configuration list for PBXProject "WeatherTest" */ = {
			isa = XCConfigurationList;
			buildConfigurations = (
				60B720C5241D1CDB0013A599 /* Debug */,
				60B720C6241D1CDB0013A599 /* Release */,
			);
			defaultConfigurationIsVisible = 0;
			defaultConfigurationName = Release;
		};
		60B720C7241D1CDB0013A599 /* Build configuration list for PBXNativeTarget "WeatherTest" */ = {
			isa = XCConfigurationList;
			buildConfigurations = (
				60B720C8241D1CDB0013A599 /* Debug */,
				60B720C9241D1CDB0013A599 /* Release */,
			);
			defaultConfigurationIsVisible = 0;
			defaultConfigurationName = Release;
		};
		60B720CA241D1CDB0013A599 /* Build configuration list for PBXNativeTarget "WeatherTestTests" */ = {
			isa = XCConfigurationList;
			buildConfigurations = (
				60B720CB241D1CDB0013A599 /* Debug */,
				60B720CC241D1CDB0013A599 /* Release */,
			);
			defaultConfigurationIsVisible = 0;
			defaultConfigurationName = Release;
		};
		60B720CD241D1CDB0013A599 /* Build configuration list for PBXNativeTarget "WeatherTestUITests" */ = {
			isa = XCConfigurationList;
			buildConfigurations = (
				60B720CE241D1CDB0013A599 /* Debug */,
				60B720CF241D1CDB0013A599 /* Release */,
			);
			defaultConfigurationIsVisible = 0;
			defaultConfigurationName = Release;
		};
/* End XCConfigurationList section */
	};
	rootObject = 60B72095241D1CDA0013A599 /* Project object */;
}
